
Microsoft Visual Studio Solution File, Format Version 12.00
# Visual Studio Version 16
VisualStudioVersion = 16.0.32106.194
MinimumVisualStudioVersion = 10.0.40219.1
Project("{FAE04EC0-301F-11D3-BF4B-00C04F79EFBC}") = "Jlaive", "Jalive\Jlaive.csproj", "{6AF616C3-AB81-4007-9078-B7206B7039A6}"
EndProject
Global
	GlobalSection(SolutionConfigurationPlatforms) = preSolution
		Debug|Any CPU = Debug|Any CPU
		Release|Any CPU = Release|Any CPU
	EndGlobalSection
	GlobalSection(ProjectConfigurationPlatforms) = postSolution
		{6AF616C3-AB81-4007-9078-B7206B7039A6}.Debug|Any CPU.ActiveCfg = Debug|Any CPU
		{6AF616C3-AB81-4007-9078-B7206B7039A6}.Debug|Any CPU.Build.0 = Debug|Any CPU
		{6AF616C3-AB81-4007-9078-B7206B7039A6}.Release|Any CPU.ActiveCfg = Release|Any CPU
		{6AF616C3-AB81-4007-9078-B7206B7039A6}.Release|Any CPU.Build.0 = Release|Any CPU
	EndGlobalSection
	GlobalSection(SolutionProperties) = preSolution
		HideSolutionNode = FALSE
	EndGlobalSection
	GlobalSection(ExtensibilityGlobals) = postSolution
		SolutionGuid = {85687BDD-2CBF-4640-B4B4-904C6C3296DB}
	EndGlobalSection
EndGlobal
